
Microsoft Visual Studio Solution File, Format Version 12.00
# Visual Studio Version 16
VisualStudioVersion = 16.0.29709.97
MinimumVisualStudioVersion = 10.0.40219.1
Project("{FAE04EC0-301F-11D3-BF4B-00C04F79EFBC}") = "RazorPagesMovie", "RazorPagesMovie.csproj", "{76F71F5D-6B8E-4789-8B64-96528B863284}"
EndProject
Global
	GlobalSection(SolutionConfigurationPlatforms) = preSolution
		Debug|Any CPU = Debug|Any CPU
		Release|Any CPU = Release|Any CPU
	EndGlobalSection
	GlobalSection(ProjectConfigurationPlatforms) = postSolution
		{76F71F5D-6B8E-4789-8B64-96528B863284}.Debug|Any CPU.ActiveCfg = Debug|Any CPU
		{76F71F5D-6B8E-4789-8B64-96528B863284}.Debug|Any CPU.Build.0 = Debug|Any CPU
		{76F71F5D-6B8E-4789-8B64-96528B863284}.Release|Any CPU.ActiveCfg = Release|Any CPU
		{76F71F5D-6B8E-4789-8B64-96528B863284}.Release|Any CPU.Build.0 = Release|Any CPU
	EndGlobalSection
	GlobalSection(SolutionProperties) = preSolution
		HideSolutionNode = FALSE
	EndGlobalSection
	GlobalSection(ExtensibilityGlobals) = postSolution
		SolutionGuid = {EC384254-8451-41F4-9571-A1E52DE9DF5E}
	EndGlobalSection
EndGlobal
